
Microsoft Visual Studio Solution File, Format Version 12.00
# Visual Studio 15
VisualStudioVersion = 15.0.27130.2024
MinimumVisualStudioVersion = 10.0.40219.1
Project("{FAE04EC0-301F-11D3-BF4B-00C04F79EFBC}") = "Camera_viewer", "Camera_viewer\Camera_viewer.csproj", "{4E04C094-3161-4F30-8D9A-6404DECB4789}"
EndProject
Global
	GlobalSection(SolutionConfigurationPlatforms) = preSolution
		Debug|Any CPU = Debug|Any CPU
		Release|Any CPU = Release|Any CPU
	EndGlobalSection
	GlobalSection(ProjectConfigurationPlatforms) = postSolution
		{4E04C094-3161-4F30-8D9A-6404DECB4789}.Debug|Any CPU.ActiveCfg = Debug|Any CPU
		{4E04C094-3161-4F30-8D9A-6404DECB4789}.Debug|Any CPU.Build.0 = Debug|Any CPU
		{4E04C094-3161-4F30-8D9A-6404DECB4789}.Release|Any CPU.ActiveCfg = Release|Any CPU
		{4E04C094-3161-4F30-8D9A-6404DECB4789}.Release|Any CPU.Build.0 = Release|Any CPU
	EndGlobalSection
	GlobalSection(SolutionProperties) = preSolution
		HideSolutionNode = FALSE
	EndGlobalSection
	GlobalSection(ExtensibilityGlobals) = postSolution
		SolutionGuid = {3CC38B93-7550-4B13-BE07-5C2E8BD6940F}
	EndGlobalSection
EndGlobal
